
Microsoft Visual Studio Solution File, Format Version 12.00
# Visual Studio Version 17
VisualStudioVersion = 17.6.33927.249
MinimumVisualStudioVersion = 10.0.40219.1
Project("{FAE04EC0-301F-11D3-BF4B-00C04F79EFBC}") = "Emgu.Video.Capture", "Emgu.Video.Capture\Emgu.Video.Capture.csproj", "{7DDB12D6-4228-4EEF-AAFD-0C8ED9986F81}"
EndProject
Global
	GlobalSection(SolutionConfigurationPlatforms) = preSolution
		Debug|Any CPU = Debug|Any CPU
		Release|Any CPU = Release|Any CPU
	EndGlobalSection
	GlobalSection(ProjectConfigurationPlatforms) = postSolution
		{7DDB12D6-4228-4EEF-AAFD-0C8ED9986F81}.Debug|Any CPU.ActiveCfg = Debug|Any CPU
		{7DDB12D6-4228-4EEF-AAFD-0C8ED9986F81}.Debug|Any CPU.Build.0 = Debug|Any CPU
		{7DDB12D6-4228-4EEF-AAFD-0C8ED9986F81}.Release|Any CPU.ActiveCfg = Release|Any CPU
		{7DDB12D6-4228-4EEF-AAFD-0C8ED9986F81}.Release|Any CPU.Build.0 = Release|Any CPU
	EndGlobalSection
	GlobalSection(SolutionProperties) = preSolution
		HideSolutionNode = FALSE
	EndGlobalSection
	GlobalSection(ExtensibilityGlobals) = postSolution
		SolutionGuid = {FB57A1F9-D70A-46C7-B029-7803B3EC904A}
	EndGlobalSection
EndGlobal
